[[package]]
name = "certifi"
version = "2019.11.28"
description = "Python package for providing Mozilla's CA Bundle."
category = "main"
optional = false
python-versions = "*"

[[package]]
name = "charset-normalizer"
version = "2.0.9"
description = "The Real First Universal Charset Detector. Open, modern and actively maintained alternative to Chardet."
category = "main"
optional = false
python-versions = ">=3.5.0"

[package.extras]
unicode_backport = ["unicodedata2"]

[[package]]
name = "idna"
version = "2.9"
description = "Internationalized Domain Names in Applications (IDNA)"
category = "main"
optional = false
python-versions = ">=2.7, !=3.0.*, !=3.1.*, !=3.2.*, !=3.3.*"

[[package]]
name = "requests"
version = "2.26.0"
description = "Python HTTP for Humans."
category = "main"
optional = false
python-versions = ">=2.7, !=3.0.*, !=3.1.*, !=3.2.*, !=3.3.*, !=3.4.*, !=3.5.*"

[package.dependencies]
certifi = ">=2017.4.17"
charset-normalizer = {version = ">=2.0.0,<2.1.0", markers = "python_version >= \"3\""}
idna = {version = ">=2.5,<4", markers = "python_version >= \"3\""}
urllib3 = ">=1.21.1,<1.27"

[package.extras]
socks = ["PySocks (>=1.5.6,!=1.5.7)", "win-inet-pton"]
use_chardet_on_py3 = ["chardet (>=3.0.2,<5)"]

[[package]]
name = "urllib3"
version = "1.26.5"
description = "HTTP library with thread-safe connection pooling, file post, and more."
category = "main"
optional = false
python-versions = ">=2.7, !=3.0.*, !=3.1.*, !=3.2.*, !=3.3.*, !=3.4.*, <4"

[package.extras]
brotli = ["brotlipy (>=0.6.0)"]
secure = ["pyOpenSSL (>=0.14)", "cryptography (>=1.3.4)", "idna (>=2.0.0)", "certifi", "ipaddress"]
socks = ["PySocks (>=1.5.6,!=1.5.7,<2.0)"]

[metadata]
lock-version = "1.1"
python-versions = "^3.7"
content-hash = "cd6ad1b64e723d5d782e7b5092d4f48d55c77e2ee4cbf7d7ad999f02000c97d7"

[metadata.files]
certifi = [
    {file = "certifi-2019.11.28-py2.py3-none-any.whl", hash = "sha256:017c25db2a153ce562900032d5bc68e9f191e44e9a0f762f373977de9df1fbb3"},
    {file = "certifi-2019.11.28.tar.gz", hash = "sha256:25b64c7da4cd7479594d035c08c2d809eb4aab3a26e5a990ea98cc450c320f1f"},
]
charset-normalizer = [
    {file = "charset-normalizer-2.0.9.tar.gz", hash = "sha256:b0b883e8e874edfdece9c28f314e3dd5badf067342e42fb162203335ae61aa2c"},
    {file = "charset_normalizer-2.0.9-py3-none-any.whl", hash = "sha256:1eecaa09422db5be9e29d7fc65664e6c33bd06f9ced7838578ba40d58bdf3721"},
]
idna = [
    {file = "idna-2.9-py2.py3-none-any.whl", hash = "sha256:a068a21ceac8a4d63dbfd964670474107f541babbd2250d61922f029858365fa"},
    {file = "idna-2.9.tar.gz", hash = "sha256:7588d1c14ae4c77d74036e8c22ff447b26d0fde8f007354fd48a7814db15b7cb"},
]
requests = [
    {file = "requests-2.26.0-py2.py3-none-any.whl", hash = "sha256:6c1246513ecd5ecd4528a0906f910e8f0f9c6b8ec72030dc9fd154dc1a6efd24"},
    {file = "requests-2.26.0.tar.gz", hash = "sha256:b8aa58f8cf793ffd8782d3d8cb19e66ef36f7aba4353eec859e74678b01b07a7"},
]
urllib3 = [
    {file = "urllib3-1.26.5-py2.py3-none-any.whl", hash = "sha256:753a0374df26658f99d826cfe40394a686d05985786d946fbe4165b5148f5a7c"},
    {file = "urllib3-1.26.5.tar.gz", hash = "sha256:a7acd0977125325f516bda9735fa7142b909a8d01e8b2e4c8108d0984e6e0098"},
]
